// !$*UTF8*$!
{
	archiveVersion = 1;
	classes = {
	};
	objectVersion = 46;
	objects = {

/* Begin PBXBuildFile section */
		AEB2B8641BCE8C5100318C09 /* main.m in Sources */ = {isa = PBXBuildFile; fileRef = AEB2B8631BCE8C5100318C09 /* main.m */; };
		AEB2B8671BCE8C5100318C09 /* AppDelegate.m in Sources */ = {isa = PBXBuildFile; fileRef = AEB2B8661BCE8C5100318C09 /* AppDelegate.m */; };
		AEB2B86A1BCE8C5100318C09 /* ViewController.m in Sources */ = {isa = PBXBuildFile; fileRef = AEB2B8691BCE8C5100318C09 /* ViewController.m */; };
		AEB2B86D1BCE8C5100318C09 /* Main.storyboard in Resources */ = {isa = PBXBuildFile; fileRef = AEB2B86B1BCE8C5100318C09 /* Main.storyboard */; };
		AEB2B86F1BCE8C5100318C09 /* Assets.xcassets in Resources */ = {isa = PBXBuildFile; fileRef = AEB2B86E1BCE8C5100318C09 /* Assets.xcassets */; };
		AEB2B8721BCE8C5100318C09 /* LaunchScreen.storyboard in Resources */ = {isa = PBXBuildFile; fileRef = AEB2B8701BCE8C5100318C09 /* LaunchScreen.storyboard */; };
		AEB2B87B1BCEB18500318C09 /* TableViewController.m in Sources */ = {isa = PBXBuildFile; fileRef = AEB2B87A1BCEB18500318C09 /* TableViewController.m */; settings = {ASSET_TAGS = (); }; };
/* End PBXBuildFile section */

/* Begin PBXFileReference section */
		AEB2B85F1BCE8C5100318C09 /* BlogReader.app */ = {isa = PBXFileReference; explicitFileType = wrapper.application; includeInIndex = 0; path = BlogReader.app; sourceTree = BUILT_PRODUCTS_DIR; };
		AEB2B8631BCE8C5100318C09 /* main.m */ = {isa = PBXFileReference; lastKnownFileType = sourcecode.c.objc; path = main.m; sourceTree = "<group>"; };
		AEB2B8651BCE8C5100318C09 /* AppDelegate.h */ = {isa = PBXFileReference; lastKnownFileType = sourcecode.c.h; path = AppDelegate.h; sourceTree = "<group>"; };
		AEB2B8661BCE8C5100318C09 /* AppDelegate.m */ = {isa = PBXFileReference; lastKnownFileType = sourcecode.c.objc; path = AppDelegate.m; sourceTree = "<group>"; };
		AEB2B8681BCE8C5100318C09 /* ViewController.h */ = {isa = PBXFileReference; lastKnownFileType = sourcecode.c.h; path = ViewController.h; sourceTree = "<group>"; };
		AEB2B8691BCE8C5100318C09 /* ViewController.m */ = {isa = PBXFileReference; lastKnownFileType = sourcecode.c.objc; path = ViewController.m; sourceTree = "<group>"; };
		AEB2B86C1BCE8C5100318C09 /* Base */ = {isa = PBXFileReference; lastKnownFileType = file.storyboard; name = Base; path = Base.lproj/Main.storyboard; sourceTree = "<group>"; };
		AEB2B86E1BCE8C5100318C09 /* Assets.xcassets */ = {isa = PBXFileReference; lastKnownFileType = folder.assetcatalog; path = Assets.xcassets; sourceTree = "<group>"; };
		AEB2B8711BCE8C5100318C09 /* Base */ = {isa = PBXFileReference; lastKnownFileType = file.storyboard; name = Base; path = Base.lproj/LaunchScreen.storyboard; sourceTree = "<group>"; };
		AEB2B8731BCE8C5100318C09 /* Info.plist */ = {isa = PBXFileReference; lastKnownFileType = text.plist.xml; path = Info.plist; sourceTree = "<group>"; };
		AEB2B8791BCEB18500318C09 /* TableViewController.h */ = {isa = PBXFileReference; fileEncoding = 4; lastKnownFileType = sourcecode.c.h; path = TableViewController.h; sourceTree = "<group>"; };
		AEB2B87A1BCEB18500318C09 /* TableViewController.m */ = {isa = PBXFileReference; fileEncoding = 4; lastKnownFileType = sourcecode.c.objc; path = TableViewController.m; sourceTree = "<group>"; };
/* End PBXFileReference section */

/* Begin PBXFrameworksBuildPhase section */
		AEB2B85C1BCE8C5100318C09 /* Frameworks */ = {
			isa = PBXFrameworksBuildPhase;
			buildActionMask = 2147483647;
			files = (
			);
			runOnlyForDeploymentPostprocessing = 0;
		};
/* End PBXFrameworksBuildPhase section */

/* Begin PBXGroup section */
		AEB2B8561BCE8C5100318C09 = {
			isa = PBXGroup;
			children = (
				AEB2B8611BCE8C5100318C09 /* BlogReader */,
				AEB2B8601BCE8C5100318C09 /* Products */,
			);
			sourceTree = "<group>";
		};
		AEB2B8601BCE8C5100318C09 /* Products */ = {
			isa = PBXGroup;
			children = (
				AEB2B85F1BCE8C5100318C09 /* BlogReader.app */,
			);
			name = Products;
			sourceTree = "<group>";
		};
		AEB2B8611BCE8C5100318C09 /* BlogReader */ = {
			isa = PBXGroup;
			children = (
				AEB2B8791BCEB18500318C09 /* TableViewController.h */,
				AEB2B87A1BCEB18500318C09 /* TableViewController.m */,
				AEB2B8651BCE8C5100318C09 /* AppDelegate.h */,
				AEB2B8661BCE8C5100318C09 /* AppDelegate.m */,
				AEB2B8681BCE8C5100318C09 /* ViewController.h */,
				AEB2B8691BCE8C5100318C09 /* ViewController.m */,
				AEB2B86B1BCE8C5100318C09 /* Main.storyboard */,
				AEB2B86E1BCE8C5100318C09 /* Assets.xcassets */,
				AEB2B8701BCE8C5100318C09 /* LaunchScreen.storyboard */,
				AEB2B8731BCE8C5100318C09 /* Info.plist */,
				AEB2B8621BCE8C5100318C09 /* Supporting Files */,
			);
			path = BlogReader;
			sourceTree = "<group>";
		};
		AEB2B8621BCE8C5100318C09 /* Supporting Files */ = {
			isa = PBXGroup;
			children = (
				AEB2B8631BCE8C5100318C09 /* main.m */,
			);
			name = "Supporting Files";
			sourceTree = "<group>";
		};
/* End PBXGroup section */

/* Begin PBXNativeTarget section */
		AEB2B85E1BCE8C5100318C09 /* BlogReader */ = {
			isa = PBXNativeTarget;
			buildConfigurationList = AEB2B8761BCE8C5100318C09 /* Build configuration list for PBXNativeTarget "BlogReader" */;
			buildPhases = (
				AEB2B85B1BCE8C5100318C09 /* Sources */,
				AEB2B85C1BCE8C5100318C09 /* Frameworks */,
				AEB2B85D1BCE8C5100318C09 /* Resources */,
			);
			buildRules = (
			);
			dependencies = (
			);
			name = BlogReader;
			productName = BlogReader;
			productReference = AEB2B85F1BCE8C5100318C09 /* BlogReader.app */;
			productType = "com.apple.product-type.application";
		};
/* End PBXNativeTarget section */

/* Begin PBXProject section */
		AEB2B8571BCE8C5100318C09 /* Project object */ = {
			isa = PBXProject;
			attributes = {
				LastUpgradeCheck = 0700;
				ORGANIZATIONNAME = raphaelgmelo;
				TargetAttributes = {
					AEB2B85E1BCE8C5100318C09 = {
						CreatedOnToolsVersion = 7.0.1;
						DevelopmentTeam = A2XFAYJ65U;
					};
				};
			};
			buildConfigurationList = AEB2B85A1BCE8C5100318C09 /* Build configuration list for PBXProject "BlogReader" */;
			compatibilityVersion = "Xcode 3.2";
			developmentRegion = English;
			hasScannedForEncodings = 0;
			knownRegions = (
				en,
				Base,
			);
			mainGroup = AEB2B8561BCE8C5100318C09;
			productRefGroup = AEB2B8601BCE8C5100318C09 /* Products */;
			projectDirPath = "";
			projectRoot = "";
			targets = (
				AEB2B85E1BCE8C5100318C09 /* BlogReader */,
			);
		};
/* End PBXProject section */

/* Begin PBXResourcesBuildPhase section */
		AEB2B85D1BCE8C5100318C09 /* Resources */ = {
			isa = PBXResourcesBuildPhase;
			buildActionMask = 2147483647;
			files = (
				AEB2B8721BCE8C5100318C09 /* LaunchScreen.storyboard in Resources */,
				AEB2B86F1BCE8C5100318C09 /* Assets.xcassets in Resources */,
				AEB2B86D1BCE8C5100318C09 /* Main.storyboard in Resources */,
			);
			runOnlyForDeploymentPostprocessing = 0;
		};
/* End PBXResourcesBuildPhase section */

/* Begin PBXSourcesBuildPhase section */
		AEB2B85B1BCE8C5100318C09 /* Sources */ = {
			isa = PBXSourcesBuildPhase;
			buildActionMask = 2147483647;
			files = (
				AEB2B86A1BCE8C5100318C09 /* ViewController.m in Sources */,
				AEB2B8671BCE8C5100318C09 /* AppDelegate.m in Sources */,
				AEB2B8641BCE8C5100318C09 /* main.m in Sources */,
				AEB2B87B1BCEB18500318C09 /* TableViewController.m in Sources */,
			);
			runOnlyForDeploymentPostprocessing = 0;
		};
/* End PBXSourcesBuildPhase section */

/* Begin PBXVariantGroup section */
		AEB2B86B1BCE8C5100318C09 /* Main.storyboard */ = {
			isa = PBXVariantGroup;
			children = (
				AEB2B86C1BCE8C5100318C09 /* Base */,
			);
			name = Main.storyboard;
			sourceTree = "<group>";
		};
		AEB2B8701BCE8C5100318C09 /* LaunchScreen.storyboard */ = {
			isa = PBXVariantGroup;
			children = (
				AEB2B8711BCE8C5100318C09 /* Base */,
			);
			name = LaunchScreen.storyboard;
			sourceTree = "<group>";
		};
/* End PBXVariantGroup section */

/* Begin XCBuildConfiguration section */
		AEB2B8741BCE8C5100318C09 /* Debug */ = {
			isa = XCBuildConfiguration;
			buildSettings = {
				ALWAYS_SEARCH_USER_PATHS = NO;
				CLANG_CXX_LANGUAGE_STANDARD = "gnu++0x";
				CLANG_CXX_LIBRARY = "libc++";
				CLANG_ENABLE_MODULES = YES;
				CLANG_ENABLE_OBJC_ARC = YES;
				CLANG_WARN_BOOL_CONVERSION = YES;
				CLANG_WARN_CONSTANT_CONVERSION = YES;
				CLANG_WARN_DIRECT_OBJC_ISA_USAGE = YES_ERROR;
				CLANG_WARN_EMPTY_BODY = YES;
				CLANG_WARN_ENUM_CONVERSION = YES;
				CLANG_WARN_INT_CONVERSION = YES;
				CLANG_WARN_OBJC_ROOT_CLASS = YES_ERROR;
				CLANG_WARN_UNREACHABLE_CODE = YES;
				CLANG_WARN__DUPLICATE_METHOD_MATCH = YES;
				"CODE_SIGN_IDENTITY[sdk=iphoneos*]" = "iPhone Developer";
				COPY_PHASE_STRIP = NO;
				DEBUG_INFORMATION_FORMAT = dwarf;
				ENABLE_STRICT_OBJC_MSGSEND = YES;
				ENABLE_TESTABILITY = YES;
				GCC_C_LANGUAGE_STANDARD = gnu99;
				GCC_DYNAMIC_NO_PIC = NO;
				GCC_NO_COMMON_BLOCKS = YES;
				GCC_OPTIMIZATION_LEVEL = 0;
				GCC_PREPROCESSOR_DEFINITIONS = (
					"DEBUG=1",
					"$(inherited)",
				);
				GCC_WARN_64_TO_32_BIT_CONVERSION = YES;
				GCC_WARN_ABOUT_RETURN_TYPE = YES_ERROR;
				GCC_WARN_UNDECLARED_SELECTOR = YES;
				GCC_WARN_UNINITIALIZED_AUTOS = YES_AGGRESSIVE;
				GCC_WARN_UNUSED_FUNCTION = YES;
				GCC_WARN_UNUSED_VARIABLE = YES;
				IPHONEOS_DEPLOYMENT_TARGET = 9.0;
				MTL_ENABLE_DEBUG_INFO = YES;
				ONLY_ACTIVE_ARCH = YES;
				SDKROOT = iphoneos;
			};
			name = Debug;
		};
		AEB2B8751BCE8C5100318C09 /* Release */ = {
			isa = XCBuildConfiguration;
			buildSettings = {
				ALWAYS_SEARCH_USER_PATHS = NO;
				CLANG_CXX_LANGUAGE_STANDARD = "gnu++0x";
				CLANG_CXX_LIBRARY = "libc++";
				CLANG_ENABLE_MODULES = YES;
				CLANG_ENABLE_OBJC_ARC = YES;
				CLANG_WARN_BOOL_CONVERSION = YES;
				CLANG_WARN_CONSTANT_CONVERSION = YES;
				CLANG_WARN_DIRECT_OBJC_ISA_USAGE = YES_ERROR;
				CLANG_WARN_EMPTY_BODY = YES;
				CLANG_WARN_ENUM_CONVERSION = YES;
				CLANG_WARN_INT_CONVERSION = YES;
				CLANG_WARN_OBJC_ROOT_CLASS = YES_ERROR;
				CLANG_WARN_UNREACHABLE_CODE = YES;
				CLANG_WARN__DUPLICATE_METHOD_MATCH = YES;
				"CODE_SIGN_IDENTITY[sdk=iphoneos*]" = "iPhone Developer";
				COPY_PHASE_STRIP = NO;
				DEBUG_INFORMATION_FORMAT = "dwarf-with-dsym";
				ENABLE_NS_ASSERTIONS = NO;
				ENABLE_STRICT_OBJC_MSGSEND = YES;
				GCC_C_LANGUAGE_STANDARD = gnu99;
				GCC_NO_COMMON_BLOCKS = YES;
				GCC_WARN_64_TO_32_BIT_CONVERSION = YES;
				GCC_WARN_ABOUT_RETURN_TYPE = YES_ERROR;
				GCC_WARN_UNDECLARED_SELECTOR = YES;
				GCC_WARN_UNINITIALIZED_AUTOS = YES_AGGRESSIVE;
				GCC_WARN_UNUSED_FUNCTION = YES;
				GCC_WARN_UNUSED_VARIABLE = YES;
				IPHONEOS_DEPLOYMENT_TARGET = 9.0;
				MTL_ENABLE_DEBUG_INFO = NO;
				SDKROOT = iphoneos;
				VALIDATE_PRODUCT = YES;
			};
			name = Release;
		};
		AEB2B8771BCE8C5100318C09 /* Debug */ = {
			isa = XCBuildConfiguration;
			buildSettings = {
				ASSETCATALOG_COMPILER_APPICON_NAME = AppIcon;
				INFOPLIST_FILE = BlogReader/Info.plist;
				LD_RUNPATH_SEARCH_PATHS = "$(inherited) @executable_path/Frameworks";
				PRODUCT_BUNDLE_IDENTIFIER = com.raphaelgmelo.BlogReader;
				PRODUCT_NAME = "$(TARGET_NAME)";
			};
			name = Debug;
		};
		AEB2B8781BCE8C5100318C09 /* Release */ = {
			isa = XCBuildConfiguration;
			buildSettings = {
				ASSETCATALOG_COMPILER_APPICON_NAME = AppIcon;
				INFOPLIST_FILE = BlogReader/Info.plist;
				LD_RUNPATH_SEARCH_PATHS = "$(inherited) @executable_path/Frameworks";
				PRODUCT_BUNDLE_IDENTIFIER = com.raphaelgmelo.BlogReader;
				PRODUCT_NAME = "$(TARGET_NAME)";
			};
			name = Release;
		};
/* End XCBuildConfiguration section */

/* Begin XCConfigurationList section */
		AEB2B85A1BCE8C5100318C09 /* Build configuration list for PBXProject "BlogReader" */ = {
			isa = XCConfigurationList;
			buildConfigurations = (
				AEB2B8741BCE8C5100318C09 /* Debug */,
				AEB2B8751BCE8C5100318C09 /* Release */,
			);
			defaultConfigurationIsVisible = 0;
			defaultConfigurationName = Release;
		};
		AEB2B8761BCE8C5100318C09 /* Build configuration list for PBXNativeTarget "BlogReader" */ = {
			isa = XCConfigurationList;
			buildConfigurations = (
				AEB2B8771BCE8C5100318C09 /* Debug */,
				AEB2B8781BCE8C5100318C09 /* Release */,
			);
			defaultConfigurationIsVisible = 0;
		};
/* End XCConfigurationList section */
	};
	rootObject = AEB2B8571BCE8C5100318C09 /* Project object */;
}
