// !$*UTF8*$!
{
	archiveVersion = 1;
	classes = {
	};
	objectVersion = 46;
	objects = {

/* Begin PBXBuildFile section */
		AEF1CF3F1BCE7DAB00988E00 /* main.m in Sources */ = {isa = PBXBuildFile; fileRef = AEF1CF3E1BCE7DAB00988E00 /* main.m */; };
		AEF1CF421BCE7DAB00988E00 /* AppDelegate.m in Sources */ = {isa = PBXBuildFile; fileRef = AEF1CF411BCE7DAB00988E00 /* AppDelegate.m */; };
		AEF1CF451BCE7DAB00988E00 /* MasterViewController.m in Sources */ = {isa = PBXBuildFile; fileRef = AEF1CF441BCE7DAB00988E00 /* MasterViewController.m */; };
		AEF1CF481BCE7DAB00988E00 /* DetailViewController.m in Sources */ = {isa = PBXBuildFile; fileRef = AEF1CF471BCE7DAB00988E00 /* DetailViewController.m */; };
		AEF1CF4B1BCE7DAB00988E00 /* Main.storyboard in Resources */ = {isa = PBXBuildFile; fileRef = AEF1CF491BCE7DAB00988E00 /* Main.storyboard */; };
		AEF1CF4D1BCE7DAB00988E00 /* Assets.xcassets in Resources */ = {isa = PBXBuildFile; fileRef = AEF1CF4C1BCE7DAB00988E00 /* Assets.xcassets */; };
		AEF1CF501BCE7DAB00988E00 /* LaunchScreen.storyboard in Resources */ = {isa = PBXBuildFile; fileRef = AEF1CF4E1BCE7DAB00988E00 /* LaunchScreen.storyboard */; };
/* End PBXBuildFile section */

/* Begin PBXFileReference section */
		AEF1CF3A1BCE7DAB00988E00 /* BlogReader.app */ = {isa = PBXFileReference; explicitFileType = wrapper.application; includeInIndex = 0; path = BlogReader.app; sourceTree = BUILT_PRODUCTS_DIR; };
		AEF1CF3E1BCE7DAB00988E00 /* main.m */ = {isa = PBXFileReference; lastKnownFileType = sourcecode.c.objc; path = main.m; sourceTree = "<group>"; };
		AEF1CF401BCE7DAB00988E00 /* AppDelegate.h */ = {isa = PBXFileReference; lastKnownFileType = sourcecode.c.h; path = AppDelegate.h; sourceTree = "<group>"; };
		AEF1CF411BCE7DAB00988E00 /* AppDelegate.m */ = {isa = PBXFileReference; lastKnownFileType = sourcecode.c.objc; path = AppDelegate.m; sourceTree = "<group>"; };
		AEF1CF431BCE7DAB00988E00 /* MasterViewController.h */ = {isa = PBXFileReference; lastKnownFileType = sourcecode.c.h; path = MasterViewController.h; sourceTree = "<group>"; };
		AEF1CF441BCE7DAB00988E00 /* MasterViewController.m */ = {isa = PBXFileReference; lastKnownFileType = sourcecode.c.objc; path = MasterViewController.m; sourceTree = "<group>"; };
		AEF1CF461BCE7DAB00988E00 /* DetailViewController.h */ = {isa = PBXFileReference; lastKnownFileType = sourcecode.c.h; path = DetailViewController.h; sourceTree = "<group>"; };
		AEF1CF471BCE7DAB00988E00 /* DetailViewController.m */ = {isa = PBXFileReference; lastKnownFileType = sourcecode.c.objc; path = DetailViewController.m; sourceTree = "<group>"; };
		AEF1CF4A1BCE7DAB00988E00 /* Base */ = {isa = PBXFileReference; lastKnownFileType = file.storyboard; name = Base; path = Base.lproj/Main.storyboard; sourceTree = "<group>"; };
		AEF1CF4C1BCE7DAB00988E00 /* Assets.xcassets */ = {isa = PBXFileReference; lastKnownFileType = folder.assetcatalog; path = Assets.xcassets; sourceTree = "<group>"; };
		AEF1CF4F1BCE7DAB00988E00 /* Base */ = {isa = PBXFileReference; lastKnownFileType = file.storyboard; name = Base; path = Base.lproj/LaunchScreen.storyboard; sourceTree = "<group>"; };
		AEF1CF511BCE7DAB00988E00 /* Info.plist */ = {isa = PBXFileReference; lastKnownFileType = text.plist.xml; path = Info.plist; sourceTree = "<group>"; };
/* End PBXFileReference section */

/* Begin PBXFrameworksBuildPhase section */
		AEF1CF371BCE7DAB00988E00 /* Frameworks */ = {
			isa = PBXFrameworksBuildPhase;
			buildActionMask = 2147483647;
			files = (
			);
			runOnlyForDeploymentPostprocessing = 0;
		};
/* End PBXFrameworksBuildPhase section */

/* Begin PBXGroup section */
		AEF1CF311BCE7DAA00988E00 = {
			isa = PBXGroup;
			children = (
				AEF1CF3C1BCE7DAB00988E00 /* BlogReader */,
				AEF1CF3B1BCE7DAB00988E00 /* Products */,
			);
			sourceTree = "<group>";
		};
		AEF1CF3B1BCE7DAB00988E00 /* Products */ = {
			isa = PBXGroup;
			children = (
				AEF1CF3A1BCE7DAB00988E00 /* BlogReader.app */,
			);
			name = Products;
			sourceTree = "<group>";
		};
		AEF1CF3C1BCE7DAB00988E00 /* BlogReader */ = {
			isa = PBXGroup;
			children = (
				AEF1CF401BCE7DAB00988E00 /* AppDelegate.h */,
				AEF1CF411BCE7DAB00988E00 /* AppDelegate.m */,
				AEF1CF431BCE7DAB00988E00 /* MasterViewController.h */,
				AEF1CF441BCE7DAB00988E00 /* MasterViewController.m */,
				AEF1CF461BCE7DAB00988E00 /* DetailViewController.h */,
				AEF1CF471BCE7DAB00988E00 /* DetailViewController.m */,
				AEF1CF491BCE7DAB00988E00 /* Main.storyboard */,
				AEF1CF4C1BCE7DAB00988E00 /* Assets.xcassets */,
				AEF1CF4E1BCE7DAB00988E00 /* LaunchScreen.storyboard */,
				AEF1CF511BCE7DAB00988E00 /* Info.plist */,
				AEF1CF3D1BCE7DAB00988E00 /* Supporting Files */,
			);
			path = BlogReader;
			sourceTree = "<group>";
		};
		AEF1CF3D1BCE7DAB00988E00 /* Supporting Files */ = {
			isa = PBXGroup;
			children = (
				AEF1CF3E1BCE7DAB00988E00 /* main.m */,
			);
			name = "Supporting Files";
			sourceTree = "<group>";
		};
/* End PBXGroup section */

/* Begin PBXNativeTarget section */
		AEF1CF391BCE7DAB00988E00 /* BlogReader */ = {
			isa = PBXNativeTarget;
			buildConfigurationList = AEF1CF541BCE7DAB00988E00 /* Build configuration list for PBXNativeTarget "BlogReader" */;
			buildPhases = (
				AEF1CF361BCE7DAB00988E00 /* Sources */,
				AEF1CF371BCE7DAB00988E00 /* Frameworks */,
				AEF1CF381BCE7DAB00988E00 /* Resources */,
			);
			buildRules = (
			);
			dependencies = (
			);
			name = BlogReader;
			productName = BlogReader;
			productReference = AEF1CF3A1BCE7DAB00988E00 /* BlogReader.app */;
			productType = "com.apple.product-type.application";
		};
/* End PBXNativeTarget section */

/* Begin PBXProject section */
		AEF1CF321BCE7DAA00988E00 /* Project object */ = {
			isa = PBXProject;
			attributes = {
				LastUpgradeCheck = 0700;
				ORGANIZATIONNAME = raphaelgmelo;
				TargetAttributes = {
					AEF1CF391BCE7DAB00988E00 = {
						CreatedOnToolsVersion = 7.0.1;
						DevelopmentTeam = A2XFAYJ65U;
					};
				};
			};
			buildConfigurationList = AEF1CF351BCE7DAA00988E00 /* Build configuration list for PBXProject "BlogReader" */;
			compatibilityVersion = "Xcode 3.2";
			developmentRegion = English;
			hasScannedForEncodings = 0;
			knownRegions = (
				en,
				Base,
			);
			mainGroup = AEF1CF311BCE7DAA00988E00;
			productRefGroup = AEF1CF3B1BCE7DAB00988E00 /* Products */;
			projectDirPath = "";
			projectRoot = "";
			targets = (
				AEF1CF391BCE7DAB00988E00 /* BlogReader */,
			);
		};
/* End PBXProject section */

/* Begin PBXResourcesBuildPhase section */
		AEF1CF381BCE7DAB00988E00 /* Resources */ = {
			isa = PBXResourcesBuildPhase;
			buildActionMask = 2147483647;
			files = (
				AEF1CF501BCE7DAB00988E00 /* LaunchScreen.storyboard in Resources */,
				AEF1CF4D1BCE7DAB00988E00 /* Assets.xcassets in Resources */,
				AEF1CF4B1BCE7DAB00988E00 /* Main.storyboard in Resources */,
			);
			runOnlyForDeploymentPostprocessing = 0;
		};
/* End PBXResourcesBuildPhase section */

/* Begin PBXSourcesBuildPhase section */
		AEF1CF361BCE7DAB00988E00 /* Sources */ = {
			isa = PBXSourcesBuildPhase;
			buildActionMask = 2147483647;
			files = (
				AEF1CF421BCE7DAB00988E00 /* AppDelegate.m in Sources */,
				AEF1CF451BCE7DAB00988E00 /* MasterViewController.m in Sources */,
				AEF1CF3F1BCE7DAB00988E00 /* main.m in Sources */,
				AEF1CF481BCE7DAB00988E00 /* DetailViewController.m in Sources */,
			);
			runOnlyForDeploymentPostprocessing = 0;
		};
/* End PBXSourcesBuildPhase section */

/* Begin PBXVariantGroup section */
		AEF1CF491BCE7DAB00988E00 /* Main.storyboard */ = {
			isa = PBXVariantGroup;
			children = (
				AEF1CF4A1BCE7DAB00988E00 /* Base */,
			);
			name = Main.storyboard;
			sourceTree = "<group>";
		};
		AEF1CF4E1BCE7DAB00988E00 /* LaunchScreen.storyboard */ = {
			isa = PBXVariantGroup;
			children = (
				AEF1CF4F1BCE7DAB00988E00 /* Base */,
			);
			name = LaunchScreen.storyboard;
			sourceTree = "<group>";
		};
/* End PBXVariantGroup section */

/* Begin XCBuildConfiguration section */
		AEF1CF521BCE7DAB00988E00 /* Debug */ = {
			isa = XCBuildConfiguration;
			buildSettings = {
				ALWAYS_SEARCH_USER_PATHS = NO;
				CLANG_CXX_LANGUAGE_STANDARD = "gnu++0x";
				CLANG_CXX_LIBRARY = "libc++";
				CLANG_ENABLE_MODULES = YES;
				CLANG_ENABLE_OBJC_ARC = YES;
				CLANG_WARN_BOOL_CONVERSION = YES;
				CLANG_WARN_CONSTANT_CONVERSION = YES;
				CLANG_WARN_DIRECT_OBJC_ISA_USAGE = YES_ERROR;
				CLANG_WARN_EMPTY_BODY = YES;
				CLANG_WARN_ENUM_CONVERSION = YES;
				CLANG_WARN_INT_CONVERSION = YES;
				CLANG_WARN_OBJC_ROOT_CLASS = YES_ERROR;
				CLANG_WARN_UNREACHABLE_CODE = YES;
				CLANG_WARN__DUPLICATE_METHOD_MATCH = YES;
				"CODE_SIGN_IDENTITY[sdk=iphoneos*]" = "iPhone Developer";
				COPY_PHASE_STRIP = NO;
				DEBUG_INFORMATION_FORMAT = dwarf;
				ENABLE_STRICT_OBJC_MSGSEND = YES;
				ENABLE_TESTABILITY = YES;
				GCC_C_LANGUAGE_STANDARD = gnu99;
				GCC_DYNAMIC_NO_PIC = NO;
				GCC_NO_COMMON_BLOCKS = YES;
				GCC_OPTIMIZATION_LEVEL = 0;
				GCC_PREPROCESSOR_DEFINITIONS = (
					"DEBUG=1",
					"$(inherited)",
				);
				GCC_WARN_64_TO_32_BIT_CONVERSION = YES;
				GCC_WARN_ABOUT_RETURN_TYPE = YES_ERROR;
				GCC_WARN_UNDECLARED_SELECTOR = YES;
				GCC_WARN_UNINITIALIZED_AUTOS = YES_AGGRESSIVE;
				GCC_WARN_UNUSED_FUNCTION = YES;
				GCC_WARN_UNUSED_VARIABLE = YES;
				IPHONEOS_DEPLOYMENT_TARGET = 9.0;
				MTL_ENABLE_DEBUG_INFO = YES;
				ONLY_ACTIVE_ARCH = YES;
				SDKROOT = iphoneos;
			};
			name = Debug;
		};
		AEF1CF531BCE7DAB00988E00 /* Release */ = {
			isa = XCBuildConfiguration;
			buildSettings = {
				ALWAYS_SEARCH_USER_PATHS = NO;
				CLANG_CXX_LANGUAGE_STANDARD = "gnu++0x";
				CLANG_CXX_LIBRARY = "libc++";
				CLANG_ENABLE_MODULES = YES;
				CLANG_ENABLE_OBJC_ARC = YES;
				CLANG_WARN_BOOL_CONVERSION = YES;
				CLANG_WARN_CONSTANT_CONVERSION = YES;
				CLANG_WARN_DIRECT_OBJC_ISA_USAGE = YES_ERROR;
				CLANG_WARN_EMPTY_BODY = YES;
				CLANG_WARN_ENUM_CONVERSION = YES;
				CLANG_WARN_INT_CONVERSION = YES;
				CLANG_WARN_OBJC_ROOT_CLASS = YES_ERROR;
				CLANG_WARN_UNREACHABLE_CODE = YES;
				CLANG_WARN__DUPLICATE_METHOD_MATCH = YES;
				"CODE_SIGN_IDENTITY[sdk=iphoneos*]" = "iPhone Developer";
				COPY_PHASE_STRIP = NO;
				DEBUG_INFORMATION_FORMAT = "dwarf-with-dsym";
				ENABLE_NS_ASSERTIONS = NO;
				ENABLE_STRICT_OBJC_MSGSEND = YES;
				GCC_C_LANGUAGE_STANDARD = gnu99;
				GCC_NO_COMMON_BLOCKS = YES;
				GCC_WARN_64_TO_32_BIT_CONVERSION = YES;
				GCC_WARN_ABOUT_RETURN_TYPE = YES_ERROR;
				GCC_WARN_UNDECLARED_SELECTOR = YES;
				GCC_WARN_UNINITIALIZED_AUTOS = YES_AGGRESSIVE;
				GCC_WARN_UNUSED_FUNCTION = YES;
				GCC_WARN_UNUSED_VARIABLE = YES;
				IPHONEOS_DEPLOYMENT_TARGET = 9.0;
				MTL_ENABLE_DEBUG_INFO = NO;
				SDKROOT = iphoneos;
				VALIDATE_PRODUCT = YES;
			};
			name = Release;
		};
		AEF1CF551BCE7DAB00988E00 /* Debug */ = {
			isa = XCBuildConfiguration;
			buildSettings = {
				ASSETCATALOG_COMPILER_APPICON_NAME = AppIcon;
				INFOPLIST_FILE = BlogReader/Info.plist;
				LD_RUNPATH_SEARCH_PATHS = "$(inherited) @executable_path/Frameworks";
				PRODUCT_BUNDLE_IDENTIFIER = com.raphaelgmelo.BlogReader;
				PRODUCT_NAME = "$(TARGET_NAME)";
			};
			name = Debug;
		};
		AEF1CF561BCE7DAB00988E00 /* Release */ = {
			isa = XCBuildConfiguration;
			buildSettings = {
				ASSETCATALOG_COMPILER_APPICON_NAME = AppIcon;
				INFOPLIST_FILE = BlogReader/Info.plist;
				LD_RUNPATH_SEARCH_PATHS = "$(inherited) @executable_path/Frameworks";
				PRODUCT_BUNDLE_IDENTIFIER = com.raphaelgmelo.BlogReader;
				PRODUCT_NAME = "$(TARGET_NAME)";
			};
			name = Release;
		};
/* End XCBuildConfiguration section */

/* Begin XCConfigurationList section */
		AEF1CF351BCE7DAA00988E00 /* Build configuration list for PBXProject "BlogReader" */ = {
			isa = XCConfigurationList;
			buildConfigurations = (
				AEF1CF521BCE7DAB00988E00 /* Debug */,
				AEF1CF531BCE7DAB00988E00 /* Release */,
			);
			defaultConfigurationIsVisible = 0;
			defaultConfigurationName = Release;
		};
		AEF1CF541BCE7DAB00988E00 /* Build configuration list for PBXNativeTarget "BlogReader" */ = {
			isa = XCConfigurationList;
			buildConfigurations = (
				AEF1CF551BCE7DAB00988E00 /* Debug */,
				AEF1CF561BCE7DAB00988E00 /* Release */,
			);
			defaultConfigurationIsVisible = 0;
		};
/* End XCConfigurationList section */
	};
	rootObject = AEF1CF321BCE7DAA00988E00 /* Project object */;
}
